
Microsoft Visual Studio Solution File, Format Version 12.00
# Visual Studio Version 16
VisualStudioVersion = 16.0.29306.81
MinimumVisualStudioVersion = 10.0.40219.1
Project("{9A19103F-16F7-4668-BE54-9A1E7A4F7556}") = "ConsoleUI", "ConsoleUI\ConsoleUI.csproj", "{7BB9B1CE-70E9-4060-955B-1CE92D6D90CF}"
EndProject
Global
	GlobalSection(SolutionConfigurationPlatforms) = preSolution
		Debug|Any CPU = Debug|Any CPU
		Release|Any CPU = Release|Any CPU
	EndGlobalSection
	GlobalSection(ProjectConfigurationPlatforms) = postSolution
		{7BB9B1CE-70E9-4060-955B-1CE92D6D90CF}.Debug|Any CPU.ActiveCfg = Debug|Any CPU
		{7BB9B1CE-70E9-4060-955B-1CE92D6D90CF}.Debug|Any CPU.Build.0 = Debug|Any CPU
		{7BB9B1CE-70E9-4060-955B-1CE92D6D90CF}.Release|Any CPU.ActiveCfg = Release|Any CPU
		{7BB9B1CE-70E9-4060-955B-1CE92D6D90CF}.Release|Any CPU.Build.0 = Release|Any CPU
	EndGlobalSection
	GlobalSection(SolutionProperties) = preSolution
		HideSolutionNode = FALSE
	EndGlobalSection
	GlobalSection(ExtensibilityGlobals) = postSolution
		SolutionGuid = {1B7C1219-F99E-477B-945E-A98986001400}
	EndGlobalSection
EndGlobal
