
Microsoft Visual Studio Solution File, Format Version 12.00
# Visual Studio Version 16
VisualStudioVersion = 16.0.29306.81
MinimumVisualStudioVersion = 10.0.40219.1
Project("{00D1A9C2-B5F0-4AF3-8072-F6C62B433612}") = "SQLProjectChristmasShopping", "SQLProjectChristmasShopping\SQLProjectChristmasShopping.sqlproj", "{ED717A07-BD4B-4867-86AC-61FFBB785944}"
EndProject
Global
	GlobalSection(SolutionConfigurationPlatforms) = preSolution
		Debug|Any CPU = Debug|Any CPU
		Release|Any CPU = Release|Any CPU
	EndGlobalSection
	GlobalSection(ProjectConfigurationPlatforms) = postSolution
		{ED717A07-BD4B-4867-86AC-61FFBB785944}.Debug|Any CPU.ActiveCfg = Debug|Any CPU
		{ED717A07-BD4B-4867-86AC-61FFBB785944}.Debug|Any CPU.Build.0 = Debug|Any CPU
		{ED717A07-BD4B-4867-86AC-61FFBB785944}.Debug|Any CPU.Deploy.0 = Debug|Any CPU
		{ED717A07-BD4B-4867-86AC-61FFBB785944}.Release|Any CPU.ActiveCfg = Release|Any CPU
		{ED717A07-BD4B-4867-86AC-61FFBB785944}.Release|Any CPU.Build.0 = Release|Any CPU
		{ED717A07-BD4B-4867-86AC-61FFBB785944}.Release|Any CPU.Deploy.0 = Release|Any CPU
	EndGlobalSection
	GlobalSection(SolutionProperties) = preSolution
		HideSolutionNode = FALSE
	EndGlobalSection
	GlobalSection(ExtensibilityGlobals) = postSolution
		SolutionGuid = {1618D367-525A-441C-9915-A48E2CCC84F3}
	EndGlobalSection
EndGlobal
