
Microsoft Visual Studio Solution File, Format Version 12.00
# Visual Studio Version 16
VisualStudioVersion = 16.0.29609.76
MinimumVisualStudioVersion = 10.0.40219.1
Project("{FAE04EC0-301F-11D3-BF4B-00C04F79EFBC}") = "WinFormsTodoListApplication", "WinFormsTodoListApplication\WinFormsTodoListApplication.csproj", "{C521F21B-48C1-4951-87AC-A31582C6B69F}"
EndProject
Global
	GlobalSection(SolutionConfigurationPlatforms) = preSolution
		Debug|Any CPU = Debug|Any CPU
		Release|Any CPU = Release|Any CPU
	EndGlobalSection
	GlobalSection(ProjectConfigurationPlatforms) = postSolution
		{C521F21B-48C1-4951-87AC-A31582C6B69F}.Debug|Any CPU.ActiveCfg = Debug|Any CPU
		{C521F21B-48C1-4951-87AC-A31582C6B69F}.Debug|Any CPU.Build.0 = Debug|Any CPU
		{C521F21B-48C1-4951-87AC-A31582C6B69F}.Release|Any CPU.ActiveCfg = Release|Any CPU
		{C521F21B-48C1-4951-87AC-A31582C6B69F}.Release|Any CPU.Build.0 = Release|Any CPU
	EndGlobalSection
	GlobalSection(SolutionProperties) = preSolution
		HideSolutionNode = FALSE
	EndGlobalSection
	GlobalSection(ExtensibilityGlobals) = postSolution
		SolutionGuid = {72F8A10C-B570-4F15-B3C4-364B3CBCB6FC}
	EndGlobalSection
EndGlobal
