
Microsoft Visual Studio Solution File, Format Version 12.00
# Visual Studio Version 16
VisualStudioVersion = 16.0.29709.97
MinimumVisualStudioVersion = 10.0.40219.1
Project("{FAE04EC0-301F-11D3-BF4B-00C04F79EFBC}") = "ConsoleApplication", "ConsoleApplication\ConsoleApplication.csproj", "{0C1BCC9F-D8D7-483D-80B0-48168D0AA603}"
EndProject
Global
	GlobalSection(SolutionConfigurationPlatforms) = preSolution
		Debug|Any CPU = Debug|Any CPU
		Release|Any CPU = Release|Any CPU
	EndGlobalSection
	GlobalSection(ProjectConfigurationPlatforms) = postSolution
		{0C1BCC9F-D8D7-483D-80B0-48168D0AA603}.Debug|Any CPU.ActiveCfg = Debug|Any CPU
		{0C1BCC9F-D8D7-483D-80B0-48168D0AA603}.Debug|Any CPU.Build.0 = Debug|Any CPU
		{0C1BCC9F-D8D7-483D-80B0-48168D0AA603}.Release|Any CPU.ActiveCfg = Release|Any CPU
		{0C1BCC9F-D8D7-483D-80B0-48168D0AA603}.Release|Any CPU.Build.0 = Release|Any CPU
	EndGlobalSection
	GlobalSection(SolutionProperties) = preSolution
		HideSolutionNode = FALSE
	EndGlobalSection
	GlobalSection(ExtensibilityGlobals) = postSolution
		SolutionGuid = {74588EB9-B0A0-45E2-B3A7-66DE782065F5}
	EndGlobalSection
EndGlobal
