
Microsoft Visual Studio Solution File, Format Version 12.00
# Visual Studio Version 16
VisualStudioVersion = 16.0.29306.81
MinimumVisualStudioVersion = 10.0.40219.1
Project("{FAE04EC0-301F-11D3-BF4B-00C04F79EFBC}") = "ConsoleUI", "ConsoleUI\ConsoleUI.csproj", "{34DAEFED-6782-453B-AD9F-8995C7D2692B}"
EndProject
Global
	GlobalSection(SolutionConfigurationPlatforms) = preSolution
		Debug|Any CPU = Debug|Any CPU
		Release|Any CPU = Release|Any CPU
	EndGlobalSection
	GlobalSection(ProjectConfigurationPlatforms) = postSolution
		{34DAEFED-6782-453B-AD9F-8995C7D2692B}.Debug|Any CPU.ActiveCfg = Debug|Any CPU
		{34DAEFED-6782-453B-AD9F-8995C7D2692B}.Debug|Any CPU.Build.0 = Debug|Any CPU
		{34DAEFED-6782-453B-AD9F-8995C7D2692B}.Release|Any CPU.ActiveCfg = Release|Any CPU
		{34DAEFED-6782-453B-AD9F-8995C7D2692B}.Release|Any CPU.Build.0 = Release|Any CPU
	EndGlobalSection
	GlobalSection(SolutionProperties) = preSolution
		HideSolutionNode = FALSE
	EndGlobalSection
	GlobalSection(ExtensibilityGlobals) = postSolution
		SolutionGuid = {9096D50A-C510-4F8D-B5BA-7D64AD546CC7}
	EndGlobalSection
EndGlobal
