
Microsoft Visual Studio Solution File, Format Version 12.00
# Visual Studio 15
VisualStudioVersion = 15.0.28307.421
MinimumVisualStudioVersion = 10.0.40219.1
Project("{FAE04EC0-301F-11D3-BF4B-00C04F79EFBC}") = "CopyObjectsUI", "CopyObjectsUI\CopyObjectsUI.csproj", "{0A78C0C7-942A-4825-BE99-9CD6B57A6533}"
EndProject
Global
	GlobalSection(SolutionConfigurationPlatforms) = preSolution
		Debug|Any CPU = Debug|Any CPU
		Release|Any CPU = Release|Any CPU
	EndGlobalSection
	GlobalSection(ProjectConfigurationPlatforms) = postSolution
		{0A78C0C7-942A-4825-BE99-9CD6B57A6533}.Debug|Any CPU.ActiveCfg = Debug|Any CPU
		{0A78C0C7-942A-4825-BE99-9CD6B57A6533}.Debug|Any CPU.Build.0 = Debug|Any CPU
		{0A78C0C7-942A-4825-BE99-9CD6B57A6533}.Release|Any CPU.ActiveCfg = Release|Any CPU
		{0A78C0C7-942A-4825-BE99-9CD6B57A6533}.Release|Any CPU.Build.0 = Release|Any CPU
	EndGlobalSection
	GlobalSection(SolutionProperties) = preSolution
		HideSolutionNode = FALSE
	EndGlobalSection
	GlobalSection(ExtensibilityGlobals) = postSolution
		SolutionGuid = {1F0A0563-A203-4C8D-BBF8-5D63B2A51E8C}
	EndGlobalSection
EndGlobal
