
Microsoft Visual Studio Solution File, Format Version 12.00
# Visual Studio Version 16
VisualStudioVersion = 16.0.29409.12
MinimumVisualStudioVersion = 10.0.40219.1
Project("{FAE04EC0-301F-11D3-BF4B-00C04F79EFBC}") = "ConsoleUI", "ConsoleUI\ConsoleUI.csproj", "{6ED7D511-3082-45CD-A253-B4163FE7EA3B}"
EndProject
Global
	GlobalSection(SolutionConfigurationPlatforms) = preSolution
		Debug|Any CPU = Debug|Any CPU
		Release|Any CPU = Release|Any CPU
	EndGlobalSection
	GlobalSection(ProjectConfigurationPlatforms) = postSolution
		{6ED7D511-3082-45CD-A253-B4163FE7EA3B}.Debug|Any CPU.ActiveCfg = Debug|Any CPU
		{6ED7D511-3082-45CD-A253-B4163FE7EA3B}.Debug|Any CPU.Build.0 = Debug|Any CPU
		{6ED7D511-3082-45CD-A253-B4163FE7EA3B}.Release|Any CPU.ActiveCfg = Release|Any CPU
		{6ED7D511-3082-45CD-A253-B4163FE7EA3B}.Release|Any CPU.Build.0 = Release|Any CPU
	EndGlobalSection
	GlobalSection(SolutionProperties) = preSolution
		HideSolutionNode = FALSE
	EndGlobalSection
	GlobalSection(ExtensibilityGlobals) = postSolution
		SolutionGuid = {14FC0ACC-CD6D-47F8-A84D-71DD3F1B9497}
	EndGlobalSection
EndGlobal
