
Microsoft Visual Studio Solution File, Format Version 12.00
# Visual Studio Version 16
VisualStudioVersion = 16.0.29519.87
MinimumVisualStudioVersion = 10.0.40219.1
Project("{FAE04EC0-301F-11D3-BF4B-00C04F79EFBC}") = "ConsoleToDoListApplication", "ConsoleToDoListApplication\ConsoleToDoListApplication.csproj", "{728A9CA0-68E2-4078-B953-01106FE60BB2}"
EndProject
Global
	GlobalSection(SolutionConfigurationPlatforms) = preSolution
		Debug|Any CPU = Debug|Any CPU
		Release|Any CPU = Release|Any CPU
	EndGlobalSection
	GlobalSection(ProjectConfigurationPlatforms) = postSolution
		{728A9CA0-68E2-4078-B953-01106FE60BB2}.Debug|Any CPU.ActiveCfg = Debug|Any CPU
		{728A9CA0-68E2-4078-B953-01106FE60BB2}.Debug|Any CPU.Build.0 = Debug|Any CPU
		{728A9CA0-68E2-4078-B953-01106FE60BB2}.Release|Any CPU.ActiveCfg = Release|Any CPU
		{728A9CA0-68E2-4078-B953-01106FE60BB2}.Release|Any CPU.Build.0 = Release|Any CPU
	EndGlobalSection
	GlobalSection(SolutionProperties) = preSolution
		HideSolutionNode = FALSE
	EndGlobalSection
	GlobalSection(ExtensibilityGlobals) = postSolution
		SolutionGuid = {186981D4-A79F-4E84-9CF8-C7084D7BC6B6}
	EndGlobalSection
EndGlobal
