
Microsoft Visual Studio Solution File, Format Version 12.00
# Visual Studio Version 16
VisualStudioVersion = 16.0.29613.14
MinimumVisualStudioVersion = 10.0.40219.1
Project("{00D1A9C2-B5F0-4AF3-8072-F6C62B433612}") = "SqlTodoDatabaseProject", "SqlTodoDatabaseProject\SqlTodoDatabaseProject.sqlproj", "{058C2508-F435-4040-9BAB-695891286651}"
EndProject
Global
	GlobalSection(SolutionConfigurationPlatforms) = preSolution
		Debug|Any CPU = Debug|Any CPU
		Release|Any CPU = Release|Any CPU
	EndGlobalSection
	GlobalSection(ProjectConfigurationPlatforms) = postSolution
		{058C2508-F435-4040-9BAB-695891286651}.Debug|Any CPU.ActiveCfg = Debug|Any CPU
		{058C2508-F435-4040-9BAB-695891286651}.Debug|Any CPU.Build.0 = Debug|Any CPU
		{058C2508-F435-4040-9BAB-695891286651}.Debug|Any CPU.Deploy.0 = Debug|Any CPU
		{058C2508-F435-4040-9BAB-695891286651}.Release|Any CPU.ActiveCfg = Release|Any CPU
		{058C2508-F435-4040-9BAB-695891286651}.Release|Any CPU.Build.0 = Release|Any CPU
		{058C2508-F435-4040-9BAB-695891286651}.Release|Any CPU.Deploy.0 = Release|Any CPU
	EndGlobalSection
	GlobalSection(SolutionProperties) = preSolution
		HideSolutionNode = FALSE
	EndGlobalSection
	GlobalSection(ExtensibilityGlobals) = postSolution
		SolutionGuid = {25F8A4E3-8338-4F16-AA2E-ABA92EFA8D05}
	EndGlobalSection
EndGlobal
