
Microsoft Visual Studio Solution File, Format Version 12.00
# Visual Studio Version 16
VisualStudioVersion = 16.0.29418.71
MinimumVisualStudioVersion = 10.0.40219.1
Project("{FAE04EC0-301F-11D3-BF4B-00C04F79EFBC}") = "AspDotNetCoreRazorPages", "AspDotNetCoreRazorPages\AspDotNetCoreRazorPages.csproj", "{1C0FD36E-0E37-4A5F-91C5-7DBC85F5F38B}"
EndProject
Global
	GlobalSection(SolutionConfigurationPlatforms) = preSolution
		Debug|Any CPU = Debug|Any CPU
		Release|Any CPU = Release|Any CPU
	EndGlobalSection
	GlobalSection(ProjectConfigurationPlatforms) = postSolution
		{1C0FD36E-0E37-4A5F-91C5-7DBC85F5F38B}.Debug|Any CPU.ActiveCfg = Debug|Any CPU
		{1C0FD36E-0E37-4A5F-91C5-7DBC85F5F38B}.Debug|Any CPU.Build.0 = Debug|Any CPU
		{1C0FD36E-0E37-4A5F-91C5-7DBC85F5F38B}.Release|Any CPU.ActiveCfg = Release|Any CPU
		{1C0FD36E-0E37-4A5F-91C5-7DBC85F5F38B}.Release|Any CPU.Build.0 = Release|Any CPU
	EndGlobalSection
	GlobalSection(SolutionProperties) = preSolution
		HideSolutionNode = FALSE
	EndGlobalSection
	GlobalSection(ExtensibilityGlobals) = postSolution
		SolutionGuid = {B62BA287-2165-4326-B5D6-4F0F0E4503AF}
	EndGlobalSection
EndGlobal
