
Microsoft Visual Studio Solution File, Format Version 12.00
# Visual Studio Version 16
VisualStudioVersion = 16.0.29306.81
MinimumVisualStudioVersion = 10.0.40219.1
Project("{FAE04EC0-301F-11D3-BF4B-00C04F79EFBC}") = "ConsoleUI", "ConsoleUI\ConsoleUI.csproj", "{A278C19F-2D2F-4683-A301-D5694FDE7CE2}"
EndProject
Global
	GlobalSection(SolutionConfigurationPlatforms) = preSolution
		Debug|Any CPU = Debug|Any CPU
		Release|Any CPU = Release|Any CPU
	EndGlobalSection
	GlobalSection(ProjectConfigurationPlatforms) = postSolution
		{A278C19F-2D2F-4683-A301-D5694FDE7CE2}.Debug|Any CPU.ActiveCfg = Debug|Any CPU
		{A278C19F-2D2F-4683-A301-D5694FDE7CE2}.Debug|Any CPU.Build.0 = Debug|Any CPU
		{A278C19F-2D2F-4683-A301-D5694FDE7CE2}.Release|Any CPU.ActiveCfg = Release|Any CPU
		{A278C19F-2D2F-4683-A301-D5694FDE7CE2}.Release|Any CPU.Build.0 = Release|Any CPU
	EndGlobalSection
	GlobalSection(SolutionProperties) = preSolution
		HideSolutionNode = FALSE
	EndGlobalSection
	GlobalSection(ExtensibilityGlobals) = postSolution
		SolutionGuid = {1696CA63-7609-4040-BD2F-42B0E814D67C}
	EndGlobalSection
EndGlobal
