
Microsoft Visual Studio Solution File, Format Version 12.00
# Visual Studio Version 16
VisualStudioVersion = 16.0.29215.179
MinimumVisualStudioVersion = 10.0.40219.1
Project("{FAE04EC0-301F-11D3-BF4B-00C04F79EFBC}") = "ConsoleUI", "ConsoleUI\ConsoleUI.csproj", "{72F7E2EF-F0E5-4A8E-B7EB-C91CDA4F95BA}"
EndProject
Global
	GlobalSection(SolutionConfigurationPlatforms) = preSolution
		Debug|Any CPU = Debug|Any CPU
		Release|Any CPU = Release|Any CPU
	EndGlobalSection
	GlobalSection(ProjectConfigurationPlatforms) = postSolution
		{72F7E2EF-F0E5-4A8E-B7EB-C91CDA4F95BA}.Debug|Any CPU.ActiveCfg = Debug|Any CPU
		{72F7E2EF-F0E5-4A8E-B7EB-C91CDA4F95BA}.Debug|Any CPU.Build.0 = Debug|Any CPU
		{72F7E2EF-F0E5-4A8E-B7EB-C91CDA4F95BA}.Release|Any CPU.ActiveCfg = Release|Any CPU
		{72F7E2EF-F0E5-4A8E-B7EB-C91CDA4F95BA}.Release|Any CPU.Build.0 = Release|Any CPU
	EndGlobalSection
	GlobalSection(SolutionProperties) = preSolution
		HideSolutionNode = FALSE
	EndGlobalSection
	GlobalSection(ExtensibilityGlobals) = postSolution
		SolutionGuid = {60427833-4E00-4C54-819E-DC923A22EC24}
	EndGlobalSection
EndGlobal
