
Microsoft Visual Studio Solution File, Format Version 12.00
# Visual Studio Version 16
VisualStudioVersion = 16.0.28803.156
MinimumVisualStudioVersion = 10.0.40219.1
Project("{FAE04EC0-301F-11D3-BF4B-00C04F79EFBC}") = "FormCleanupChallenge", "FormCleanupChallenge\FormCleanupChallenge.csproj", "{F1CD86E6-67EB-4068-BE44-8532F5800F25}"
EndProject
Global
	GlobalSection(SolutionConfigurationPlatforms) = preSolution
		Debug|Any CPU = Debug|Any CPU
		Release|Any CPU = Release|Any CPU
	EndGlobalSection
	GlobalSection(ProjectConfigurationPlatforms) = postSolution
		{F1CD86E6-67EB-4068-BE44-8532F5800F25}.Debug|Any CPU.ActiveCfg = Debug|Any CPU
		{F1CD86E6-67EB-4068-BE44-8532F5800F25}.Debug|Any CPU.Build.0 = Debug|Any CPU
		{F1CD86E6-67EB-4068-BE44-8532F5800F25}.Release|Any CPU.ActiveCfg = Release|Any CPU
		{F1CD86E6-67EB-4068-BE44-8532F5800F25}.Release|Any CPU.Build.0 = Release|Any CPU
	EndGlobalSection
	GlobalSection(SolutionProperties) = preSolution
		HideSolutionNode = FALSE
	EndGlobalSection
	GlobalSection(ExtensibilityGlobals) = postSolution
		SolutionGuid = {7D63F7C2-AF2E-4C68-B459-67CEA62E8A98}
	EndGlobalSection
EndGlobal
